
Microsoft Visual Studio Solution File, Format Version 12.00
# Visual Studio Version 16
VisualStudioVersion = 16.0.32510.428
MinimumVisualStudioVersion = 10.0.40219.1
Project("{FAE04EC0-301F-11D3-BF4B-00C04F79EFBC}") = "curso.api", "curso.api.csproj", "{DE727B17-62E5-4BA1-9E74-BC6A720FBF72}"
EndProject
Global
	GlobalSection(SolutionConfigurationPlatforms) = preSolution
		Debug|Any CPU = Debug|Any CPU
		Release|Any CPU = Release|Any CPU
	EndGlobalSection
	GlobalSection(ProjectConfigurationPlatforms) = postSolution
		{DE727B17-62E5-4BA1-9E74-BC6A720FBF72}.Debug|Any CPU.ActiveCfg = Debug|Any CPU
		{DE727B17-62E5-4BA1-9E74-BC6A720FBF72}.Debug|Any CPU.Build.0 = Debug|Any CPU
		{DE727B17-62E5-4BA1-9E74-BC6A720FBF72}.Release|Any CPU.ActiveCfg = Release|Any CPU
		{DE727B17-62E5-4BA1-9E74-BC6A720FBF72}.Release|Any CPU.Build.0 = Release|Any CPU
	EndGlobalSection
	GlobalSection(SolutionProperties) = preSolution
		HideSolutionNode = FALSE
	EndGlobalSection
	GlobalSection(ExtensibilityGlobals) = postSolution
		SolutionGuid = {6B818F0E-F548-4066-8456-C957A3AB6097}
	EndGlobalSection
EndGlobal
